
Microsoft Visual Studio Solution File, Format Version 12.00
# Visual Studio Version 16
VisualStudioVersion = 16.0.31410.357
MinimumVisualStudioVersion = 10.0.40219.1
Project("{9A19103F-16F7-4668-BE54-9A1E7A4F7556}") = "DateTimeManagement", "DateTimeManagement\DateTimeManagement.csproj", "{9A902469-B755-4FCA-9A0A-216ED7015755}"
EndProject
Global
	GlobalSection(SolutionConfigurationPlatforms) = preSolution
		Debug|Any CPU = Debug|Any CPU
		Release|Any CPU = Release|Any CPU
	EndGlobalSection
	GlobalSection(ProjectConfigurationPlatforms) = postSolution
		{9A902469-B755-4FCA-9A0A-216ED7015755}.Debug|Any CPU.ActiveCfg = Debug|Any CPU
		{9A902469-B755-4FCA-9A0A-216ED7015755}.Debug|Any CPU.Build.0 = Debug|Any CPU
		{9A902469-B755-4FCA-9A0A-216ED7015755}.Release|Any CPU.ActiveCfg = Release|Any CPU
		{9A902469-B755-4FCA-9A0A-216ED7015755}.Release|Any CPU.Build.0 = Release|Any CPU
	EndGlobalSection
	GlobalSection(SolutionProperties) = preSolution
		HideSolutionNode = FALSE
	EndGlobalSection
	GlobalSection(ExtensibilityGlobals) = postSolution
		SolutionGuid = {FCE64A06-664E-4DBC-B353-E1130F30F1E9}
	EndGlobalSection
EndGlobal
